
Microsoft Visual Studio Solution File, Format Version 12.00
# Visual Studio 15
VisualStudioVersion = 15.0.26228.9
MinimumVisualStudioVersion = 10.0.40219.1
Project("{2150E333-8FDC-42A3-9474-1A3956D46DE8}") = "src", "src", "{7D3BA388-7E0B-45B6-9669-735692493B82}"
EndProject
Project("{2150E333-8FDC-42A3-9474-1A3956D46DE8}") = "Solution Items", "Solution Items", "{F4DF5DCA-AC50-42CD-9DE6-BC65F702B879}"
EndProject
Project("{9A19103F-16F7-4668-BE54-9A1E7A4F7556}") = "StudentEnrollment", "src\StudentEnrollment\StudentEnrollment.csproj", "{5154AE6E-580D-4930-AD55-52B4E6F2A0CA}"
EndProject
Project("{FAE04EC0-301F-11D3-BF4B-00C04F79EFBC}") = "StudentEnrollmentTests", "StudentEnrollmentTests\StudentEnrollmentTests.csproj", "{2AB3DBA5-5EF2-4A0E-A3D6-3B54DEC60702}"
EndProject
Global
	GlobalSection(SolutionConfigurationPlatforms) = preSolution
		Debug|Any CPU = Debug|Any CPU
		Release|Any CPU = Release|Any CPU
	EndGlobalSection
	GlobalSection(ProjectConfigurationPlatforms) = postSolution
		{5154AE6E-580D-4930-AD55-52B4E6F2A0CA}.Debug|Any CPU.ActiveCfg = Debug|Any CPU
		{5154AE6E-580D-4930-AD55-52B4E6F2A0CA}.Debug|Any CPU.Build.0 = Debug|Any CPU
		{5154AE6E-580D-4930-AD55-52B4E6F2A0CA}.Release|Any CPU.ActiveCfg = Release|Any CPU
		{5154AE6E-580D-4930-AD55-52B4E6F2A0CA}.Release|Any CPU.Build.0 = Release|Any CPU
		{2AB3DBA5-5EF2-4A0E-A3D6-3B54DEC60702}.Debug|Any CPU.ActiveCfg = Debug|Any CPU
		{2AB3DBA5-5EF2-4A0E-A3D6-3B54DEC60702}.Debug|Any CPU.Build.0 = Debug|Any CPU
		{2AB3DBA5-5EF2-4A0E-A3D6-3B54DEC60702}.Release|Any CPU.ActiveCfg = Release|Any CPU
		{2AB3DBA5-5EF2-4A0E-A3D6-3B54DEC60702}.Release|Any CPU.Build.0 = Release|Any CPU
	EndGlobalSection
	GlobalSection(SolutionProperties) = preSolution
		HideSolutionNode = FALSE
	EndGlobalSection
	GlobalSection(NestedProjects) = preSolution
		{5154AE6E-580D-4930-AD55-52B4E6F2A0CA} = {7D3BA388-7E0B-45B6-9669-735692493B82}
	EndGlobalSection
EndGlobal
