
Microsoft Visual Studio Solution File, Format Version 12.00
# Visual Studio 14
VisualStudioVersion = 14.0.25420.1
MinimumVisualStudioVersion = 10.0.40219.1
Project("{FAE04EC0-301F-11D3-BF4B-00C04F79EFBC}") = "StudentEnrollment", "StudentEnrollment\StudentEnrollment.csproj", "{159A42FD-A355-4290-A6AD-91CD0EEDB62D}"
EndProject
Project("{FAE04EC0-301F-11D3-BF4B-00C04F79EFBC}") = "StudentEnrollment.Tests", "StudentEnrollment.Tests\StudentEnrollment.Tests.csproj", "{54F5AE34-46FA-4AEB-92A9-5F051CE8FCA7}"
EndProject
Global
	GlobalSection(SolutionConfigurationPlatforms) = preSolution
		Debug|Any CPU = Debug|Any CPU
		Release|Any CPU = Release|Any CPU
	EndGlobalSection
	GlobalSection(ProjectConfigurationPlatforms) = postSolution
		{159A42FD-A355-4290-A6AD-91CD0EEDB62D}.Debug|Any CPU.ActiveCfg = Debug|Any CPU
		{159A42FD-A355-4290-A6AD-91CD0EEDB62D}.Debug|Any CPU.Build.0 = Debug|Any CPU
		{159A42FD-A355-4290-A6AD-91CD0EEDB62D}.Release|Any CPU.ActiveCfg = Release|Any CPU
		{159A42FD-A355-4290-A6AD-91CD0EEDB62D}.Release|Any CPU.Build.0 = Release|Any CPU
		{54F5AE34-46FA-4AEB-92A9-5F051CE8FCA7}.Debug|Any CPU.ActiveCfg = Debug|Any CPU
		{54F5AE34-46FA-4AEB-92A9-5F051CE8FCA7}.Debug|Any CPU.Build.0 = Debug|Any CPU
		{54F5AE34-46FA-4AEB-92A9-5F051CE8FCA7}.Release|Any CPU.ActiveCfg = Release|Any CPU
		{54F5AE34-46FA-4AEB-92A9-5F051CE8FCA7}.Release|Any CPU.Build.0 = Release|Any CPU
	EndGlobalSection
	GlobalSection(SolutionProperties) = preSolution
		HideSolutionNode = FALSE
	EndGlobalSection
EndGlobal
